
Microsoft Visual Studio Solution File, Format Version 12.00
# Visual Studio 2013
VisualStudioVersion = 12.0.21005.1
MinimumVisualStudioVersion = 10.0.40219.1
Project("{FAE04EC0-301F-11D3-BF4B-00C04F79EFBC}") = "TCEPORT.TC.Business", "DCIS.TC.Business\TCEPORT.TC.Business.csproj", "{0F61A91E-AB8E-4185-9724-0EE90F6C5B07}"
EndProject
Project("{FAE04EC0-301F-11D3-BF4B-00C04F79EFBC}") = "TCEPORT.TC.Data", "DCIS.TC.Data\TCEPORT.TC.Data.csproj", "{38FBA425-F7F5-4F4C-9429-0A1D874DC021}"
EndProject
Project("{FAE04EC0-301F-11D3-BF4B-00C04F79EFBC}") = "TCEPORT.TC.Report", "DCIS.TC.Report\TCEPORT.TC.Report.csproj", "{D8BF9E25-403E-483D-A84E-2195D95CD67E}"
EndProject
Project("{FAE04EC0-301F-11D3-BF4B-00C04F79EFBC}") = "TCEPORT.TC.Tools", "DCIS.TC.Tools\TCEPORT.TC.Tools.csproj", "{A494CD26-F8AB-4FDE-BDC8-E7A3B9F3B3FB}"
EndProject
Project("{FAE04EC0-301F-11D3-BF4B-00C04F79EFBC}") = "Web", "Web\Web.csproj", "{7E349398-FA8B-4801-A841-7F6F28058092}"
EndProject
Project("{FAE04EC0-301F-11D3-BF4B-00C04F79EFBC}") = "WebApi", "WebApi\WebApi.csproj", "{D82804CA-4142-4048-8B4E-2A6683DA9FFC}"
EndProject
Global
	GlobalSection(SolutionConfigurationPlatforms) = preSolution
		Debug|Any CPU = Debug|Any CPU
		Release|Any CPU = Release|Any CPU
	EndGlobalSection
	GlobalSection(ProjectConfigurationPlatforms) = postSolution
		{0F61A91E-AB8E-4185-9724-0EE90F6C5B07}.Debug|Any CPU.ActiveCfg = Debug|Any CPU
		{0F61A91E-AB8E-4185-9724-0EE90F6C5B07}.Debug|Any CPU.Build.0 = Debug|Any CPU
		{0F61A91E-AB8E-4185-9724-0EE90F6C5B07}.Release|Any CPU.ActiveCfg = Release|Any CPU
		{0F61A91E-AB8E-4185-9724-0EE90F6C5B07}.Release|Any CPU.Build.0 = Release|Any CPU
		{38FBA425-F7F5-4F4C-9429-0A1D874DC021}.Debug|Any CPU.ActiveCfg = Debug|Any CPU
		{38FBA425-F7F5-4F4C-9429-0A1D874DC021}.Debug|Any CPU.Build.0 = Debug|Any CPU
		{38FBA425-F7F5-4F4C-9429-0A1D874DC021}.Release|Any CPU.ActiveCfg = Release|Any CPU
		{38FBA425-F7F5-4F4C-9429-0A1D874DC021}.Release|Any CPU.Build.0 = Release|Any CPU
		{D8BF9E25-403E-483D-A84E-2195D95CD67E}.Debug|Any CPU.ActiveCfg = Debug|Any CPU
		{D8BF9E25-403E-483D-A84E-2195D95CD67E}.Debug|Any CPU.Build.0 = Debug|Any CPU
		{D8BF9E25-403E-483D-A84E-2195D95CD67E}.Release|Any CPU.ActiveCfg = Release|Any CPU
		{D8BF9E25-403E-483D-A84E-2195D95CD67E}.Release|Any CPU.Build.0 = Release|Any CPU
		{A494CD26-F8AB-4FDE-BDC8-E7A3B9F3B3FB}.Debug|Any CPU.ActiveCfg = Debug|Any CPU
		{A494CD26-F8AB-4FDE-BDC8-E7A3B9F3B3FB}.Debug|Any CPU.Build.0 = Debug|Any CPU
		{A494CD26-F8AB-4FDE-BDC8-E7A3B9F3B3FB}.Release|Any CPU.ActiveCfg = Release|Any CPU
		{A494CD26-F8AB-4FDE-BDC8-E7A3B9F3B3FB}.Release|Any CPU.Build.0 = Release|Any CPU
		{7E349398-FA8B-4801-A841-7F6F28058092}.Debug|Any CPU.ActiveCfg = Debug|Any CPU
		{7E349398-FA8B-4801-A841-7F6F28058092}.Debug|Any CPU.Build.0 = Debug|Any CPU
		{7E349398-FA8B-4801-A841-7F6F28058092}.Release|Any CPU.ActiveCfg = Release|Any CPU
		{7E349398-FA8B-4801-A841-7F6F28058092}.Release|Any CPU.Build.0 = Release|Any CPU
		{D82804CA-4142-4048-8B4E-2A6683DA9FFC}.Debug|Any CPU.ActiveCfg = Debug|Any CPU
		{D82804CA-4142-4048-8B4E-2A6683DA9FFC}.Debug|Any CPU.Build.0 = Debug|Any CPU
		{D82804CA-4142-4048-8B4E-2A6683DA9FFC}.Release|Any CPU.ActiveCfg = Release|Any CPU
		{D82804CA-4142-4048-8B4E-2A6683DA9FFC}.Release|Any CPU.Build.0 = Release|Any CPU
	EndGlobalSection
	GlobalSection(SolutionProperties) = preSolution
		HideSolutionNode = FALSE
	EndGlobalSection
EndGlobal
